<?xml version="1.0" encoding="UTF-8"?>
<Scheme
   version = "1.3">
   <BuildAction>
      <BuildActionEntries>
         <BuildActionEntry
            buildForRunning = "YES">
            <BuildableReference
               BuildableIdentifier = "primary"
               BlueprintIdentifier = "586037A7A0C1CC4B659E9E05"
               BuildableName = "NasaAPOP.app"
               BlueprintName = "NasaAPOP"
               ReferencedContainer = "container:NasaAPOP.xcodeproj">
            </BuildableReference>
         </BuildActionEntry>
      </BuildActionEntries>
   </BuildAction>
   <LaunchAction
      useCustomWorkingDirectory = "NO"
      buildConfiguration = "Debug"
      allowLocationSimulation = "YES">
      <BuildableProductRunnable>
         <BuildableReference
            BuildableIdentifier = "primary"
            BlueprintIdentifier = "586037A7A0C1CC4B659E9E05"
            BuildableName = "NasaAPOP.app"
            BlueprintName = "NasaAPOP"
            ReferencedContainer = "container:NasaAPOP.xcodeproj">
         </BuildableReference>
      </BuildableProductRunnable>
   </LaunchAction>
</Scheme>
